
Microsoft Visual Studio Solution File, Format Version 12.00
# Visual Studio Version 18
VisualStudioVersion = 18.0.11222.15 d18.0
MinimumVisualStudioVersion = 10.0.40219.1
Project("{FAE04EC0-301F-11D3-BF4B-00C04F79EFBC}") = "BTVN5", "BTVN5.csproj", "{A158AEFC-2671-48D6-8734-F290D786FD74}"
EndProject
Global
	GlobalSection(SolutionConfigurationPlatforms) = preSolution
		Debug|Any CPU = Debug|Any CPU
		Release|Any CPU = Release|Any CPU
	EndGlobalSection
	GlobalSection(ProjectConfigurationPlatforms) = postSolution
		{A158AEFC-2671-48D6-8734-F290D786FD74}.Debug|Any CPU.ActiveCfg = Debug|Any CPU
		{A158AEFC-2671-48D6-8734-F290D786FD74}.Debug|Any CPU.Build.0 = Debug|Any CPU
		{A158AEFC-2671-48D6-8734-F290D786FD74}.Release|Any CPU.ActiveCfg = Release|Any CPU
		{A158AEFC-2671-48D6-8734-F290D786FD74}.Release|Any CPU.Build.0 = Release|Any CPU
	EndGlobalSection
	GlobalSection(SolutionProperties) = preSolution
		HideSolutionNode = FALSE
	EndGlobalSection
	GlobalSection(ExtensibilityGlobals) = postSolution
		SolutionGuid = {53892A1B-94DC-4B05-93A3-A84145AD66F8}
	EndGlobalSection
EndGlobal
